// !$*UTF8*$!
{
	archiveVersion = 1;
	classes = {
	};
	objectVersion = 46;
	objects = {

/* Begin PBXBuildFile section */
		91EDBE961F17599C00F50FCE /* main.m in Sources */ = {isa = PBXBuildFile; fileRef = 91EDBE951F17599C00F50FCE /* main.m */; };
		91EDBE991F17599C00F50FCE /* AppDelegate.m in Sources */ = {isa = PBXBuildFile; fileRef = 91EDBE981F17599C00F50FCE /* AppDelegate.m */; };
		91EDBE9C1F17599C00F50FCE /* ViewController.m in Sources */ = {isa = PBXBuildFile; fileRef = 91EDBE9B1F17599C00F50FCE /* ViewController.m */; };
		91EDBE9F1F17599C00F50FCE /* Main.storyboard in Resources */ = {isa = PBXBuildFile; fileRef = 91EDBE9D1F17599C00F50FCE /* Main.storyboard */; };
		91EDBEA11F17599C00F50FCE /* Assets.xcassets in Resources */ = {isa = PBXBuildFile; fileRef = 91EDBEA01F17599C00F50FCE /* Assets.xcassets */; };
		91EDBEA41F17599C00F50FCE /* LaunchScreen.storyboard in Resources */ = {isa = PBXBuildFile; fileRef = 91EDBEA21F17599C00F50FCE /* LaunchScreen.storyboard */; };
		91EDBEAD1F1759BD00F50FCE /* SBKeyChain.m in Sources */ = {isa = PBXBuildFile; fileRef = 91EDBEAC1F1759BD00F50FCE /* SBKeyChain.m */; };
/* End PBXBuildFile section */

/* Begin PBXFileReference section */
		91EDBE911F17599C00F50FCE /* KeyChain.app */ = {isa = PBXFileReference; explicitFileType = wrapper.application; includeInIndex = 0; path = KeyChain.app; sourceTree = BUILT_PRODUCTS_DIR; };
		91EDBE951F17599C00F50FCE /* main.m */ = {isa = PBXFileReference; lastKnownFileType = sourcecode.c.objc; path = main.m; sourceTree = "<group>"; };
		91EDBE971F17599C00F50FCE /* AppDelegate.h */ = {isa = PBXFileReference; lastKnownFileType = sourcecode.c.h; path = AppDelegate.h; sourceTree = "<group>"; };
		91EDBE981F17599C00F50FCE /* AppDelegate.m */ = {isa = PBXFileReference; lastKnownFileType = sourcecode.c.objc; path = AppDelegate.m; sourceTree = "<group>"; };
		91EDBE9A1F17599C00F50FCE /* ViewController.h */ = {isa = PBXFileReference; lastKnownFileType = sourcecode.c.h; path = ViewController.h; sourceTree = "<group>"; };
		91EDBE9B1F17599C00F50FCE /* ViewController.m */ = {isa = PBXFileReference; lastKnownFileType = sourcecode.c.objc; path = ViewController.m; sourceTree = "<group>"; };
		91EDBE9E1F17599C00F50FCE /* Base */ = {isa = PBXFileReference; lastKnownFileType = file.storyboard; name = Base; path = Base.lproj/Main.storyboard; sourceTree = "<group>"; };
		91EDBEA01F17599C00F50FCE /* Assets.xcassets */ = {isa = PBXFileReference; lastKnownFileType = folder.assetcatalog; path = Assets.xcassets; sourceTree = "<group>"; };
		91EDBEA31F17599C00F50FCE /* Base */ = {isa = PBXFileReference; lastKnownFileType = file.storyboard; name = Base; path = Base.lproj/LaunchScreen.storyboard; sourceTree = "<group>"; };
		91EDBEA51F17599C00F50FCE /* Info.plist */ = {isa = PBXFileReference; lastKnownFileType = text.plist.xml; path = Info.plist; sourceTree = "<group>"; };
		91EDBEAB1F1759BD00F50FCE /* SBKeyChain.h */ = {isa = PBXFileReference; fileEncoding = 4; lastKnownFileType = sourcecode.c.h; path = SBKeyChain.h; sourceTree = "<group>"; };
		91EDBEAC1F1759BD00F50FCE /* SBKeyChain.m */ = {isa = PBXFileReference; fileEncoding = 4; lastKnownFileType = sourcecode.c.objc; path = SBKeyChain.m; sourceTree = "<group>"; };
		91EDBEAE1F175A1C00F50FCE /* KeyChain.entitlements */ = {isa = PBXFileReference; lastKnownFileType = text.plist.entitlements; path = KeyChain.entitlements; sourceTree = "<group>"; };
/* End PBXFileReference section */

/* Begin PBXFrameworksBuildPhase section */
		91EDBE8E1F17599C00F50FCE /* Frameworks */ = {
			isa = PBXFrameworksBuildPhase;
			buildActionMask = 2147483647;
			files = (
			);
			runOnlyForDeploymentPostprocessing = 0;
		};
/* End PBXFrameworksBuildPhase section */

/* Begin PBXGroup section */
		91EDBE881F17599C00F50FCE = {
			isa = PBXGroup;
			children = (
				91EDBE931F17599C00F50FCE /* KeyChain */,
				91EDBE921F17599C00F50FCE /* Products */,
			);
			sourceTree = "<group>";
		};
		91EDBE921F17599C00F50FCE /* Products */ = {
			isa = PBXGroup;
			children = (
				91EDBE911F17599C00F50FCE /* KeyChain.app */,
			);
			name = Products;
			sourceTree = "<group>";
		};
		91EDBE931F17599C00F50FCE /* KeyChain */ = {
			isa = PBXGroup;
			children = (
				91EDBEAE1F175A1C00F50FCE /* KeyChain.entitlements */,
				91EDBE971F17599C00F50FCE /* AppDelegate.h */,
				91EDBE981F17599C00F50FCE /* AppDelegate.m */,
				91EDBE9A1F17599C00F50FCE /* ViewController.h */,
				91EDBE9B1F17599C00F50FCE /* ViewController.m */,
				91EDBEAB1F1759BD00F50FCE /* SBKeyChain.h */,
				91EDBEAC1F1759BD00F50FCE /* SBKeyChain.m */,
				91EDBE9D1F17599C00F50FCE /* Main.storyboard */,
				91EDBEA01F17599C00F50FCE /* Assets.xcassets */,
				91EDBEA21F17599C00F50FCE /* LaunchScreen.storyboard */,
				91EDBEA51F17599C00F50FCE /* Info.plist */,
				91EDBE941F17599C00F50FCE /* Supporting Files */,
			);
			path = KeyChain;
			sourceTree = "<group>";
		};
		91EDBE941F17599C00F50FCE /* Supporting Files */ = {
			isa = PBXGroup;
			children = (
				91EDBE951F17599C00F50FCE /* main.m */,
			);
			name = "Supporting Files";
			sourceTree = "<group>";
		};
/* End PBXGroup section */

/* Begin PBXNativeTarget section */
		91EDBE901F17599C00F50FCE /* KeyChain */ = {
			isa = PBXNativeTarget;
			buildConfigurationList = 91EDBEA81F17599C00F50FCE /* Build configuration list for PBXNativeTarget "KeyChain" */;
			buildPhases = (
				91EDBE8D1F17599C00F50FCE /* Sources */,
				91EDBE8E1F17599C00F50FCE /* Frameworks */,
				91EDBE8F1F17599C00F50FCE /* Resources */,
			);
			buildRules = (
			);
			dependencies = (
			);
			name = KeyChain;
			productName = KeyChain;
			productReference = 91EDBE911F17599C00F50FCE /* KeyChain.app */;
			productType = "com.apple.product-type.application";
		};
/* End PBXNativeTarget section */

/* Begin PBXProject section */
		91EDBE891F17599C00F50FCE /* Project object */ = {
			isa = PBXProject;
			attributes = {
				LastUpgradeCheck = 0830;
				ORGANIZATIONNAME = shibiao;
				TargetAttributes = {
					91EDBE901F17599C00F50FCE = {
						CreatedOnToolsVersion = 8.3.1;
						DevelopmentTeam = W547SRU75H;
						ProvisioningStyle = Automatic;
						SystemCapabilities = {
							com.apple.Keychain = {
								enabled = 1;
							};
						};
					};
				};
			};
			buildConfigurationList = 91EDBE8C1F17599C00F50FCE /* Build configuration list for PBXProject "KeyChain" */;
			compatibilityVersion = "Xcode 3.2";
			developmentRegion = English;
			hasScannedForEncodings = 0;
			knownRegions = (
				en,
				Base,
			);
			mainGroup = 91EDBE881F17599C00F50FCE;
			productRefGroup = 91EDBE921F17599C00F50FCE /* Products */;
			projectDirPath = "";
			projectRoot = "";
			targets = (
				91EDBE901F17599C00F50FCE /* KeyChain */,
			);
		};
/* End PBXProject section */

/* Begin PBXResourcesBuildPhase section */
		91EDBE8F1F17599C00F50FCE /* Resources */ = {
			isa = PBXResourcesBuildPhase;
			buildActionMask = 2147483647;
			files = (
				91EDBEA41F17599C00F50FCE /* LaunchScreen.storyboard in Resources */,
				91EDBEA11F17599C00F50FCE /* Assets.xcassets in Resources */,
				91EDBE9F1F17599C00F50FCE /* Main.storyboard in Resources */,
			);
			runOnlyForDeploymentPostprocessing = 0;
		};
/* End PBXResourcesBuildPhase section */

/* Begin PBXSourcesBuildPhase section */
		91EDBE8D1F17599C00F50FCE /* Sources */ = {
			isa = PBXSourcesBuildPhase;
			buildActionMask = 2147483647;
			files = (
				91EDBEAD1F1759BD00F50FCE /* SBKeyChain.m in Sources */,
				91EDBE9C1F17599C00F50FCE /* ViewController.m in Sources */,
				91EDBE991F17599C00F50FCE /* AppDelegate.m in Sources */,
				91EDBE961F17599C00F50FCE /* main.m in Sources */,
			);
			runOnlyForDeploymentPostprocessing = 0;
		};
/* End PBXSourcesBuildPhase section */

/* Begin PBXVariantGroup section */
		91EDBE9D1F17599C00F50FCE /* Main.storyboard */ = {
			isa = PBXVariantGroup;
			children = (
				91EDBE9E1F17599C00F50FCE /* Base */,
			);
			name = Main.storyboard;
			sourceTree = "<group>";
		};
		91EDBEA21F17599C00F50FCE /* LaunchScreen.storyboard */ = {
			isa = PBXVariantGroup;
			children = (
				91EDBEA31F17599C00F50FCE /* Base */,
			);
			name = LaunchScreen.storyboard;
			sourceTree = "<group>";
		};
/* End PBXVariantGroup section */

/* Begin XCBuildConfiguration section */
		91EDBEA61F17599C00F50FCE /* Debug */ = {
			isa = XCBuildConfiguration;
			buildSettings = {
				ALWAYS_SEARCH_USER_PATHS = NO;
				CLANG_ANALYZER_NONNULL = YES;
				CLANG_ANALYZER_NUMBER_OBJECT_CONVERSION = YES_AGGRESSIVE;
				CLANG_CXX_LANGUAGE_STANDARD = "gnu++0x";
				CLANG_CXX_LIBRARY = "libc++";
				CLANG_ENABLE_MODULES = YES;
				CLANG_ENABLE_OBJC_ARC = YES;
				CLANG_WARN_BOOL_CONVERSION = YES;
				CLANG_WARN_CONSTANT_CONVERSION = YES;
				CLANG_WARN_DIRECT_OBJC_ISA_USAGE = YES_ERROR;
				CLANG_WARN_DOCUMENTATION_COMMENTS = YES;
				CLANG_WARN_EMPTY_BODY = YES;
				CLANG_WARN_ENUM_CONVERSION = YES;
				CLANG_WARN_INFINITE_RECURSION = YES;
				CLANG_WARN_INT_CONVERSION = YES;
				CLANG_WARN_OBJC_ROOT_CLASS = YES_ERROR;
				CLANG_WARN_SUSPICIOUS_MOVE = YES;
				CLANG_WARN_UNREACHABLE_CODE = YES;
				CLANG_WARN__DUPLICATE_METHOD_MATCH = YES;
				"CODE_SIGN_IDENTITY[sdk=iphoneos*]" = "iPhone Developer";
				COPY_PHASE_STRIP = NO;
				DEBUG_INFORMATION_FORMAT = dwarf;
				ENABLE_STRICT_OBJC_MSGSEND = YES;
				ENABLE_TESTABILITY = YES;
				GCC_C_LANGUAGE_STANDARD = gnu99;
				GCC_DYNAMIC_NO_PIC = NO;
				GCC_NO_COMMON_BLOCKS = YES;
				GCC_OPTIMIZATION_LEVEL = 0;
				GCC_PREPROCESSOR_DEFINITIONS = (
					"DEBUG=1",
					"$(inherited)",
				);
				GCC_WARN_64_TO_32_BIT_CONVERSION = YES;
				GCC_WARN_ABOUT_RETURN_TYPE = YES_ERROR;
				GCC_WARN_UNDECLARED_SELECTOR = YES;
				GCC_WARN_UNINITIALIZED_AUTOS = YES_AGGRESSIVE;
				GCC_WARN_UNUSED_FUNCTION = YES;
				GCC_WARN_UNUSED_VARIABLE = YES;
				IPHONEOS_DEPLOYMENT_TARGET = 10.3;
				MTL_ENABLE_DEBUG_INFO = YES;
				ONLY_ACTIVE_ARCH = YES;
				SDKROOT = iphoneos;
				TARGETED_DEVICE_FAMILY = "1,2";
			};
			name = Debug;
		};
		91EDBEA71F17599C00F50FCE /* Release */ = {
			isa = XCBuildConfiguration;
			buildSettings = {
				ALWAYS_SEARCH_USER_PATHS = NO;
				CLANG_ANALYZER_NONNULL = YES;
				CLANG_ANALYZER_NUMBER_OBJECT_CONVERSION = YES_AGGRESSIVE;
				CLANG_CXX_LANGUAGE_STANDARD = "gnu++0x";
				CLANG_CXX_LIBRARY = "libc++";
				CLANG_ENABLE_MODULES = YES;
				CLANG_ENABLE_OBJC_ARC = YES;
				CLANG_WARN_BOOL_CONVERSION = YES;
				CLANG_WARN_CONSTANT_CONVERSION = YES;
				CLANG_WARN_DIRECT_OBJC_ISA_USAGE = YES_ERROR;
				CLANG_WARN_DOCUMENTATION_COMMENTS = YES;
				CLANG_WARN_EMPTY_BODY = YES;
				CLANG_WARN_ENUM_CONVERSION = YES;
				CLANG_WARN_INFINITE_RECURSION = YES;
				CLANG_WARN_INT_CONVERSION = YES;
				CLANG_WARN_OBJC_ROOT_CLASS = YES_ERROR;
				CLANG_WARN_SUSPICIOUS_MOVE = YES;
				CLANG_WARN_UNREACHABLE_CODE = YES;
				CLANG_WARN__DUPLICATE_METHOD_MATCH = YES;
				"CODE_SIGN_IDENTITY[sdk=iphoneos*]" = "iPhone Developer";
				COPY_PHASE_STRIP = NO;
				DEBUG_INFORMATION_FORMAT = "dwarf-with-dsym";
				ENABLE_NS_ASSERTIONS = NO;
				ENABLE_STRICT_OBJC_MSGSEND = YES;
				GCC_C_LANGUAGE_STANDARD = gnu99;
				GCC_NO_COMMON_BLOCKS = YES;
				GCC_WARN_64_TO_32_BIT_CONVERSION = YES;
				GCC_WARN_ABOUT_RETURN_TYPE = YES_ERROR;
				GCC_WARN_UNDECLARED_SELECTOR = YES;
				GCC_WARN_UNINITIALIZED_AUTOS = YES_AGGRESSIVE;
				GCC_WARN_UNUSED_FUNCTION = YES;
				GCC_WARN_UNUSED_VARIABLE = YES;
				IPHONEOS_DEPLOYMENT_TARGET = 10.3;
				MTL_ENABLE_DEBUG_INFO = NO;
				SDKROOT = iphoneos;
				TARGETED_DEVICE_FAMILY = "1,2";
				VALIDATE_PRODUCT = YES;
			};
			name = Release;
		};
		91EDBEA91F17599C00F50FCE /* Debug */ = {
			isa = XCBuildConfiguration;
			buildSettings = {
				ASSETCATALOG_COMPILER_APPICON_NAME = AppIcon;
				CODE_SIGN_ENTITLEMENTS = KeyChain/KeyChain.entitlements;
				DEVELOPMENT_TEAM = W547SRU75H;
				INFOPLIST_FILE = KeyChain/Info.plist;
				LD_RUNPATH_SEARCH_PATHS = "$(inherited) @executable_path/Frameworks";
				PRODUCT_BUNDLE_IDENTIFIER = s.KeyChain;
				PRODUCT_NAME = "$(TARGET_NAME)";
			};
			name = Debug;
		};
		91EDBEAA1F17599C00F50FCE /* Release */ = {
			isa = XCBuildConfiguration;
			buildSettings = {
				ASSETCATALOG_COMPILER_APPICON_NAME = AppIcon;
				CODE_SIGN_ENTITLEMENTS = KeyChain/KeyChain.entitlements;
				DEVELOPMENT_TEAM = W547SRU75H;
				INFOPLIST_FILE = KeyChain/Info.plist;
				LD_RUNPATH_SEARCH_PATHS = "$(inherited) @executable_path/Frameworks";
				PRODUCT_BUNDLE_IDENTIFIER = s.KeyChain;
				PRODUCT_NAME = "$(TARGET_NAME)";
			};
			name = Release;
		};
/* End XCBuildConfiguration section */

/* Begin XCConfigurationList section */
		91EDBE8C1F17599C00F50FCE /* Build configuration list for PBXProject "KeyChain" */ = {
			isa = XCConfigurationList;
			buildConfigurations = (
				91EDBEA61F17599C00F50FCE /* Debug */,
				91EDBEA71F17599C00F50FCE /* Release */,
			);
			defaultConfigurationIsVisible = 0;
			defaultConfigurationName = Release;
		};
		91EDBEA81F17599C00F50FCE /* Build configuration list for PBXNativeTarget "KeyChain" */ = {
			isa = XCConfigurationList;
			buildConfigurations = (
				91EDBEA91F17599C00F50FCE /* Debug */,
				91EDBEAA1F17599C00F50FCE /* Release */,
			);
			defaultConfigurationIsVisible = 0;
		};
/* End XCConfigurationList section */
	};
	rootObject = 91EDBE891F17599C00F50FCE /* Project object */;
}
